
Microsoft Visual Studio Solution File, Format Version 12.00
# Visual Studio Version 17
VisualStudioVersion = 17.5.002.0
MinimumVisualStudioVersion = 10.0.40219.1
Project("{2150E333-8FDC-42A3-9474-1A3956D46DE8}") = "akri-connector-sample", "akri-connector-sample", "{8B6F72BE-45AC-48BD-B0CE-B18E88C644A6}"
EndProject
Project("{FAE04EC0-301F-11D3-BF4B-00C04F79EFBC}") = "HttpThermostatConnectorApp", "akri-connector-sample\HttpThermostatConnectorApp\HttpThermostatConnectorApp.csproj", "{3FA1A24B-53DE-4389-9710-A87E2F06E99E}"
EndProject
Project("{FAE04EC0-301F-11D3-BF4B-00C04F79EFBC}") = "BmwTcpAdapter", "akri-connector-sample\BmwTcpAdapter\BmwTcpAdapter.csproj", "{9A02426C-0765-43DB-A5BD-C66457E28484}"
EndProject
Global
	GlobalSection(SolutionConfigurationPlatforms) = preSolution
		Debug|Any CPU = Debug|Any CPU
		Release|Any CPU = Release|Any CPU
	EndGlobalSection
	GlobalSection(ProjectConfigurationPlatforms) = postSolution
		{3FA1A24B-53DE-4389-9710-A87E2F06E99E}.Debug|Any CPU.ActiveCfg = Debug|Any CPU
		{3FA1A24B-53DE-4389-9710-A87E2F06E99E}.Debug|Any CPU.Build.0 = Debug|Any CPU
		{3FA1A24B-53DE-4389-9710-A87E2F06E99E}.Release|Any CPU.ActiveCfg = Release|Any CPU
		{3FA1A24B-53DE-4389-9710-A87E2F06E99E}.Release|Any CPU.Build.0 = Release|Any CPU
		{9A02426C-0765-43DB-A5BD-C66457E28484}.Debug|Any CPU.ActiveCfg = Debug|Any CPU
		{9A02426C-0765-43DB-A5BD-C66457E28484}.Debug|Any CPU.Build.0 = Debug|Any CPU
		{9A02426C-0765-43DB-A5BD-C66457E28484}.Release|Any CPU.ActiveCfg = Release|Any CPU
		{9A02426C-0765-43DB-A5BD-C66457E28484}.Release|Any CPU.Build.0 = Release|Any CPU
	EndGlobalSection
	GlobalSection(SolutionProperties) = preSolution
		HideSolutionNode = FALSE
	EndGlobalSection
	GlobalSection(ExtensibilityGlobals) = postSolution
		SolutionGuid = {B66B2B2D-5C33-493E-8337-3E95BB412851}
	EndGlobalSection
	GlobalSection(NestedProjects) = preSolution
		{3FA1A24B-53DE-4389-9710-A87E2F06E99E} = {8B6F72BE-45AC-48BD-B0CE-B18E88C644A6}
		{9A02426C-0765-43DB-A5BD-C66457E28484} = {8B6F72BE-45AC-48BD-B0CE-B18E88C644A6}
	EndGlobalSection
EndGlobal
